<Solution>
  <Folder Name="/examples/">
    <Project Path="examples/OrderService.E2ETests.XunitV3/OrderService.E2ETests.XunitV3.csproj" />
    <Project Path="examples/OrderService/OrderService.csproj" />
  </Folder>
  <Folder Name="/src/">
    <Project Path="src/StoveDotnet.AspNetCore/StoveDotnet.AspNetCore.csproj" />
    <Project Path="src/StoveDotnet.Http/StoveDotnet.Http.csproj" />
    <Project Path="src/StoveDotnet.Kafka/StoveDotnet.Kafka.csproj" />
    <Project Path="src/StoveDotnet.Postgres/StoveDotnet.Postgres.csproj" />
    <Project Path="src/StoveDotnet.Redis/StoveDotnet.Redis.csproj" />
    <Project Path="src/StoveDotnet.SqlServer/StoveDotnet.SqlServer.csproj" />
    <Project Path="src/StoveDotnet.Telemetry/StoveDotnet.Telemetry.csproj" />
    <Project Path="src/StoveDotnet.WireMock/StoveDotnet.WireMock.csproj" />
    <Project Path="src/StoveDotnet/StoveDotnet.csproj" />
  </Folder>
  <Folder Name="/tests/">
    <Project Path="tests/StoveDotnet.Hosting.AcceptanceTests/StoveDotnet.Hosting.AcceptanceTests.csproj" />
    <Project Path="tests/StoveDotnet.Kafka.AcceptanceTests/StoveDotnet.Kafka.AcceptanceTests.csproj" />
    <Project Path="tests/StoveDotnet.Postgres.AcceptanceTests/StoveDotnet.Postgres.AcceptanceTests.csproj" />
    <Project Path="tests/StoveDotnet.Redis.AcceptanceTests/StoveDotnet.Redis.AcceptanceTests.csproj" />
    <Project Path="tests/StoveDotnet.SqlServer.AcceptanceTests/StoveDotnet.SqlServer.AcceptanceTests.csproj" />
    <Project Path="tests/StoveDotnet.Testing/StoveDotnet.Testing.csproj" />
    <Project Path="tests/StoveDotnet.UnitTests/StoveDotnet.UnitTests.csproj" />
    <Project Path="tests/TestApps/HostingApp/HostingApp.csproj" />
    <Project Path="tests/TestApps/PostgresApp/PostgresApp.csproj" />
    <Project Path="tests/TestApps/SqlServerApp/SqlServerApp.csproj" />
  </Folder>
</Solution>
