<Solution>
  <Folder Name="/examples/" />
  <Folder Name="/examples/CustomContainer/" />
  <Folder Name="/examples/CustomContainer/Api/">
    <Project Path="examples/CustomContainer/Api/CustomContainer.Api.csproj" />
  </Folder>
  <Folder Name="/examples/CustomContainer/Tests/">
    <Project Path="examples/CustomContainer/Tests/CustomContainer.Tests.csproj" />
  </Folder>
  <Folder Name="/examples/Frameworks/">
    <Project Path="examples/Frameworks/MSTest/FrameworkExamples.MSTest.csproj" />
    <Project Path="examples/Frameworks/NUnit/FrameworkExamples.NUnit.csproj" />
    <Project Path="examples/Frameworks/OrderService.E2ETests.XunitV3/OrderService.E2ETests.XunitV3.csproj" />
    <Project Path="examples/Frameworks/OrderService/OrderService.csproj" />
    <Project Path="examples/Frameworks/SampleApi/FrameworkExamples.SampleApi.csproj" />
    <Project Path="examples/Frameworks/Shared/FrameworkExamples.Shared.csproj" />
    <Project Path="examples/Frameworks/TUnit/FrameworkExamples.TUnit.csproj" />
    <Project Path="examples/Frameworks/Xunit/FrameworkExamples.Xunit.csproj" />
  </Folder>
  <Folder Name="/examples/MultiApplication/">
    <Project Path="examples/MultiApplication/Api/MultiApplication.Api.csproj" />
    <Project Path="examples/MultiApplication/Tests/MultiApplication.Tests.csproj" />
    <Project Path="examples/MultiApplication/Worker/MultiApplication.Worker.csproj" />
  </Folder>
  <Folder Name="/src/">
    <Project Path="src/StoveDotnet.Azure.ServiceBus/StoveDotnet.Azure.ServiceBus.csproj" />
    <Project Path="src/StoveDotnet.Containers/StoveDotnet.Containers.csproj" />
    <Project Path="src/StoveDotnet.Hosting/StoveDotnet.Hosting.csproj" />
    <Project Path="src/StoveDotnet.AspNetCore/StoveDotnet.AspNetCore.csproj" />
    <Project Path="src/StoveDotnet.Http/StoveDotnet.Http.csproj" />
    <Project Path="src/StoveDotnet.Kafka/StoveDotnet.Kafka.csproj" />
    <Project Path="src/StoveDotnet.MongoDb/StoveDotnet.MongoDb.csproj" />
    <Project Path="src/StoveDotnet.MySql/StoveDotnet.MySql.csproj" />
    <Project Path="src/StoveDotnet.Oidc/StoveDotnet.Oidc.csproj" />
    <Project Path="src/StoveDotnet.Postgres/StoveDotnet.Postgres.csproj" />
    <Project Path="src/StoveDotnet.RabbitMq/StoveDotnet.RabbitMq.csproj" />
    <Project Path="src/StoveDotnet.Redis/StoveDotnet.Redis.csproj" />
    <Project Path="src/StoveDotnet.SqlServer/StoveDotnet.SqlServer.csproj" />
    <Project Path="src/StoveDotnet.Telemetry/StoveDotnet.Telemetry.csproj" />
    <Project Path="src/StoveDotnet.Time/StoveDotnet.Time.csproj" />
    <Project Path="src/StoveDotnet.WireMock/StoveDotnet.WireMock.csproj" />
    <Project Path="src/StoveDotnet/StoveDotnet.csproj" />
  </Folder>
  <Folder Name="/tests/">
    <Project Path="tests/StoveDotnet.Azure.ServiceBus.AcceptanceTests/StoveDotnet.Azure.ServiceBus.AcceptanceTests.csproj" />
    <Project Path="tests/StoveDotnet.Containers.AcceptanceTests/StoveDotnet.Containers.AcceptanceTests.csproj" />
    <Project Path="tests/StoveDotnet.Hosting.AcceptanceTests/StoveDotnet.Hosting.AcceptanceTests.csproj" />
    <Project Path="tests/StoveDotnet.Kafka.AcceptanceTests/StoveDotnet.Kafka.AcceptanceTests.csproj" />
    <Project Path="tests/StoveDotnet.MongoDb.AcceptanceTests/StoveDotnet.MongoDb.AcceptanceTests.csproj" />
    <Project Path="tests/StoveDotnet.MySql.AcceptanceTests/StoveDotnet.MySql.AcceptanceTests.csproj" />
    <Project Path="tests/StoveDotnet.Oidc.AcceptanceTests/StoveDotnet.Oidc.AcceptanceTests.csproj" />
    <Project Path="tests/StoveDotnet.Postgres.AcceptanceTests/StoveDotnet.Postgres.AcceptanceTests.csproj" />
    <Project Path="tests/StoveDotnet.RabbitMq.AcceptanceTests/StoveDotnet.RabbitMq.AcceptanceTests.csproj" />
    <Project Path="tests/StoveDotnet.Redis.AcceptanceTests/StoveDotnet.Redis.AcceptanceTests.csproj" />
    <Project Path="tests/StoveDotnet.SqlServer.AcceptanceTests/StoveDotnet.SqlServer.AcceptanceTests.csproj" />
    <Project Path="tests/StoveDotnet.Testing/StoveDotnet.Testing.csproj" />
    <Project Path="tests/StoveDotnet.Time.AcceptanceTests/StoveDotnet.Time.AcceptanceTests.csproj" />
    <Project Path="tests/StoveDotnet.UnitTests/StoveDotnet.UnitTests.csproj" />
    <Project Path="tests/TestApps/HostingApp/HostingApp.csproj" />
    <Project Path="tests/TestApps/MongoDbApp/MongoDbApp.csproj" />
    <Project Path="tests/TestApps/MySqlApp/MySqlApp.csproj" />
    <Project Path="tests/TestApps/RabbitMqApp/RabbitMqApp.csproj" />
    <Project Path="tests/TestApps/PostgresApp/PostgresApp.csproj" />
    <Project Path="tests/TestApps/SqlServerApp/SqlServerApp.csproj" />
  </Folder>
  <Folder Name="/tests/TestApps/">
    <Project Path="tests/TestApps/AzureServiceBusApp/AzureServiceBusApp.csproj" />
    <Project Path="tests/TestApps/ClockApp/ClockApp.csproj" />
    <Project Path="tests/TestApps/OidcApp/OidcApp.csproj" />
  </Folder>
</Solution>
